
Microsoft Visual Studio Solution File, Format Version 12.00
# Visual Studio Version 17
VisualStudioVersion = 17.2.32526.322
MinimumVisualStudioVersion = 10.0.40219.1
Project("{FAE04EC0-301F-11D3-BF4B-00C04F79EFBC}") = "Project", "Project\Project.csproj", "{CD993EBF-A622-4DEE-89B7-D0EBE9D074F1}"
EndProject
Global
	GlobalSection(SolutionConfigurationPlatforms) = preSolution
		Debug|Any CPU = Debug|Any CPU
		Release|Any CPU = Release|Any CPU
	EndGlobalSection
	GlobalSection(ProjectConfigurationPlatforms) = postSolution
		{CD993EBF-A622-4DEE-89B7-D0EBE9D074F1}.Debug|Any CPU.ActiveCfg = Debug|Any CPU
		{CD993EBF-A622-4DEE-89B7-D0EBE9D074F1}.Debug|Any CPU.Build.0 = Debug|Any CPU
		{CD993EBF-A622-4DEE-89B7-D0EBE9D074F1}.Release|Any CPU.ActiveCfg = Release|Any CPU
		{CD993EBF-A622-4DEE-89B7-D0EBE9D074F1}.Release|Any CPU.Build.0 = Release|Any CPU
	EndGlobalSection
	GlobalSection(SolutionProperties) = preSolution
		HideSolutionNode = FALSE
	EndGlobalSection
	GlobalSection(ExtensibilityGlobals) = postSolution
		SolutionGuid = {EE5E4933-203E-4426-A8C1-E49503FB2046}
	EndGlobalSection
EndGlobal
